
Microsoft Visual Studio Solution File, Format Version 12.00
# Visual Studio Version 17
VisualStudioVersion = 17.0.31903.59
MinimumVisualStudioVersion = 10.0.40219.1
Project("{2150E333-8FDC-42A3-9474-1A3956D46DE8}") = "src", "src", "{B65E149B-93E9-453E-ACF0-972D1544DC3B}"
EndProject
Project("{2150E333-8FDC-42A3-9474-1A3956D46DE8}") = "tests", "tests", "{FEE09933-1F20-438C-8910-6D166BF25EC6}"
EndProject
Project("{9A19103F-16F7-4668-BE54-9A1E7A4F7556}") = "Giftlare.WebApi", "src\Giftlare.WebApi\Giftlare.WebApi.csproj", "{7118C77B-2062-492B-B859-0B4A3D934DEB}"
EndProject
Project("{2150E333-8FDC-42A3-9474-1A3956D46DE8}") = "Infra", "Infra", "{7BE60B81-024F-4CA5-B8F1-40EE3209D08C}"
EndProject
Project("{9A19103F-16F7-4668-BE54-9A1E7A4F7556}") = "Giftlare.Infra.DbMigrations", "src\Giftlare.Infra.DbMigrations\Giftlare.Infra.DbMigrations.csproj", "{05E8419A-8E80-4819-A537-5DD9BC7D6851}"
EndProject
Project("{9A19103F-16F7-4668-BE54-9A1E7A4F7556}") = "Giftlare.Infra.DbEntities", "src\Giftlare.Infra.DbEntities\Giftlare.Infra.DbEntities.csproj", "{3F6F951C-3CFD-4C2D-96EF-959D65C69F5B}"
EndProject
Project("{9A19103F-16F7-4668-BE54-9A1E7A4F7556}") = "Giftlare.Infra.DbContext", "src\Giftlare.Infra.DbContext\Giftlare.Infra.DbContext.csproj", "{215FC7E7-690A-4246-B1FF-B4160B45C2A9}"
EndProject
Project("{9A19103F-16F7-4668-BE54-9A1E7A4F7556}") = "Giftlare.Infra.Resources", "src\Giftlare.Infra.Resources\Giftlare.Infra.Resources.csproj", "{CC48557F-54F4-4639-A7C2-763B1CB7F264}"
EndProject
Project("{2150E333-8FDC-42A3-9474-1A3956D46DE8}") = "Core", "Core", "{33D3430F-26C1-478D-B5E0-3C410A02FFE8}"
EndProject
Project("{9A19103F-16F7-4668-BE54-9A1E7A4F7556}") = "Giftlare.Core.Infra.Data", "src\Giftlare.Core.Infra.Data\Giftlare.Core.Infra.Data.csproj", "{B7A5EE34-CFC4-4497-88CE-6DCF4C8346C1}"
EndProject
Project("{9A19103F-16F7-4668-BE54-9A1E7A4F7556}") = "Giftlare.Core.Domain", "src\Giftlare.Core.Domain\Giftlare.Core.Domain.csproj", "{4E03DDEB-D075-4CEA-9149-214947A772D5}"
EndProject
Project("{2150E333-8FDC-42A3-9474-1A3956D46DE8}") = "Security", "Security", "{486FF5E9-64DC-41E4-B3E7-3DA43C56F103}"
EndProject
Project("{9A19103F-16F7-4668-BE54-9A1E7A4F7556}") = "Giftlare.Security.Domain", "src\Giftlare.Security.Domain\Giftlare.Security.Domain.csproj", "{F764EC94-2227-469D-B02D-D408B94D8468}"
EndProject
Project("{9A19103F-16F7-4668-BE54-9A1E7A4F7556}") = "Giftlare.Security.Infra.CrossCutting.IoC", "src\Giftlare.Security.Infra.CrossCutting.IoC\Giftlare.Security.Infra.CrossCutting.IoC.csproj", "{0470C2F3-7CDC-42D1-91F1-A91969F6302D}"
EndProject
Project("{9A19103F-16F7-4668-BE54-9A1E7A4F7556}") = "Giftlare.Security.Contracts", "src\Giftlare.Security.Contracts\Giftlare.Security.Contracts.csproj", "{D1BC1A8F-D35E-4B3E-A1B8-0A3967154539}"
EndProject
Project("{9A19103F-16F7-4668-BE54-9A1E7A4F7556}") = "Giftlare.Security.Application", "src\Giftlare.Security.Application\Giftlare.Security.Application.csproj", "{190773EB-9121-4C92-903D-867B904498A6}"
EndProject
Project("{2150E333-8FDC-42A3-9474-1A3956D46DE8}") = "Exchange", "Exchange", "{1531CAF7-DBC8-4C22-987C-44AF23D658A8}"
EndProject
Project("{9A19103F-16F7-4668-BE54-9A1E7A4F7556}") = "Giftlare.Exchange.Domain", "src\Giftlare.Exchange.Domain\Giftlare.Exchange.Domain.csproj", "{D80E59FC-6875-417D-AA79-3BA05D020022}"
EndProject
Project("{9A19103F-16F7-4668-BE54-9A1E7A4F7556}") = "Giftlare.Core.Enums", "src\Giftlare.Core.Enums\Giftlare.Core.Enums.csproj", "{B97D38B5-2F26-486E-9E6E-6BE331765633}"
EndProject
Project("{9A19103F-16F7-4668-BE54-9A1E7A4F7556}") = "Giftlare.Exchange.Contracts", "src\Giftlare.Exchange.Contracts\Giftlare.Exchange.Contracts.csproj", "{E155A620-1C91-4E5E-8743-70785E536BF1}"
EndProject
Project("{9A19103F-16F7-4668-BE54-9A1E7A4F7556}") = "Giftlare.Exchange.Infra.Data", "src\Giftlare.Exchange.Infra.Data\Giftlare.Exchange.Infra.Data.csproj", "{9A065DB0-D5CC-4618-BE1E-1750965EECA6}"
EndProject
Project("{9A19103F-16F7-4668-BE54-9A1E7A4F7556}") = "Giftlare.Exchange.Application", "src\Giftlare.Exchange.Application\Giftlare.Exchange.Application.csproj", "{999F79A6-BFE3-461D-938F-4229B97C0DF5}"
EndProject
Project("{9A19103F-16F7-4668-BE54-9A1E7A4F7556}") = "Giftlare.Exchange.Infra.CrossCutting.IoC", "src\Giftlare.Exchange.Infra.CrossCutting.IoC\Giftlare.Exchange.Infra.CrossCutting.IoC.csproj", "{1ECD3E97-D8C5-4632-8B04-BEAFA5879152}"
EndProject
Project("{9A19103F-16F7-4668-BE54-9A1E7A4F7556}") = "Giftlare.Exchange.Domain.Tests", "tests\Giftlare.Exchange.Domain.Tests\Giftlare.Exchange.Domain.Tests.csproj", "{B39662B6-E4B0-4FC8-B5B4-41BAC08AAF89}"
EndProject
Project("{FAE04EC0-301F-11D3-BF4B-00C04F79EFBC}") = "Giftlare.TestHelpers", "tests\Giftlare.TestHelpers\Giftlare.TestHelpers.csproj", "{02A6585E-5F43-4610-B19E-9B4A805F1F30}"
EndProject
Global
	GlobalSection(SolutionConfigurationPlatforms) = preSolution
		Debug|Any CPU = Debug|Any CPU
		Release|Any CPU = Release|Any CPU
	EndGlobalSection
	GlobalSection(ProjectConfigurationPlatforms) = postSolution
		{7118C77B-2062-492B-B859-0B4A3D934DEB}.Debug|Any CPU.ActiveCfg = Debug|Any CPU
		{7118C77B-2062-492B-B859-0B4A3D934DEB}.Debug|Any CPU.Build.0 = Debug|Any CPU
		{7118C77B-2062-492B-B859-0B4A3D934DEB}.Release|Any CPU.ActiveCfg = Release|Any CPU
		{7118C77B-2062-492B-B859-0B4A3D934DEB}.Release|Any CPU.Build.0 = Release|Any CPU
		{05E8419A-8E80-4819-A537-5DD9BC7D6851}.Debug|Any CPU.ActiveCfg = Debug|Any CPU
		{05E8419A-8E80-4819-A537-5DD9BC7D6851}.Debug|Any CPU.Build.0 = Debug|Any CPU
		{05E8419A-8E80-4819-A537-5DD9BC7D6851}.Release|Any CPU.ActiveCfg = Release|Any CPU
		{05E8419A-8E80-4819-A537-5DD9BC7D6851}.Release|Any CPU.Build.0 = Release|Any CPU
		{3F6F951C-3CFD-4C2D-96EF-959D65C69F5B}.Debug|Any CPU.ActiveCfg = Debug|Any CPU
		{3F6F951C-3CFD-4C2D-96EF-959D65C69F5B}.Debug|Any CPU.Build.0 = Debug|Any CPU
		{3F6F951C-3CFD-4C2D-96EF-959D65C69F5B}.Release|Any CPU.ActiveCfg = Release|Any CPU
		{3F6F951C-3CFD-4C2D-96EF-959D65C69F5B}.Release|Any CPU.Build.0 = Release|Any CPU
		{215FC7E7-690A-4246-B1FF-B4160B45C2A9}.Debug|Any CPU.ActiveCfg = Debug|Any CPU
		{215FC7E7-690A-4246-B1FF-B4160B45C2A9}.Debug|Any CPU.Build.0 = Debug|Any CPU
		{215FC7E7-690A-4246-B1FF-B4160B45C2A9}.Release|Any CPU.ActiveCfg = Release|Any CPU
		{215FC7E7-690A-4246-B1FF-B4160B45C2A9}.Release|Any CPU.Build.0 = Release|Any CPU
		{CC48557F-54F4-4639-A7C2-763B1CB7F264}.Debug|Any CPU.ActiveCfg = Debug|Any CPU
		{CC48557F-54F4-4639-A7C2-763B1CB7F264}.Debug|Any CPU.Build.0 = Debug|Any CPU
		{CC48557F-54F4-4639-A7C2-763B1CB7F264}.Release|Any CPU.ActiveCfg = Release|Any CPU
		{CC48557F-54F4-4639-A7C2-763B1CB7F264}.Release|Any CPU.Build.0 = Release|Any CPU
		{B7A5EE34-CFC4-4497-88CE-6DCF4C8346C1}.Debug|Any CPU.ActiveCfg = Debug|Any CPU
		{B7A5EE34-CFC4-4497-88CE-6DCF4C8346C1}.Debug|Any CPU.Build.0 = Debug|Any CPU
		{B7A5EE34-CFC4-4497-88CE-6DCF4C8346C1}.Release|Any CPU.ActiveCfg = Release|Any CPU
		{B7A5EE34-CFC4-4497-88CE-6DCF4C8346C1}.Release|Any CPU.Build.0 = Release|Any CPU
		{4E03DDEB-D075-4CEA-9149-214947A772D5}.Debug|Any CPU.ActiveCfg = Debug|Any CPU
		{4E03DDEB-D075-4CEA-9149-214947A772D5}.Debug|Any CPU.Build.0 = Debug|Any CPU
		{4E03DDEB-D075-4CEA-9149-214947A772D5}.Release|Any CPU.ActiveCfg = Release|Any CPU
		{4E03DDEB-D075-4CEA-9149-214947A772D5}.Release|Any CPU.Build.0 = Release|Any CPU
		{F764EC94-2227-469D-B02D-D408B94D8468}.Debug|Any CPU.ActiveCfg = Debug|Any CPU
		{F764EC94-2227-469D-B02D-D408B94D8468}.Debug|Any CPU.Build.0 = Debug|Any CPU
		{F764EC94-2227-469D-B02D-D408B94D8468}.Release|Any CPU.ActiveCfg = Release|Any CPU
		{F764EC94-2227-469D-B02D-D408B94D8468}.Release|Any CPU.Build.0 = Release|Any CPU
		{0470C2F3-7CDC-42D1-91F1-A91969F6302D}.Debug|Any CPU.ActiveCfg = Debug|Any CPU
		{0470C2F3-7CDC-42D1-91F1-A91969F6302D}.Debug|Any CPU.Build.0 = Debug|Any CPU
		{0470C2F3-7CDC-42D1-91F1-A91969F6302D}.Release|Any CPU.ActiveCfg = Release|Any CPU
		{0470C2F3-7CDC-42D1-91F1-A91969F6302D}.Release|Any CPU.Build.0 = Release|Any CPU
		{D1BC1A8F-D35E-4B3E-A1B8-0A3967154539}.Debug|Any CPU.ActiveCfg = Debug|Any CPU
		{D1BC1A8F-D35E-4B3E-A1B8-0A3967154539}.Debug|Any CPU.Build.0 = Debug|Any CPU
		{D1BC1A8F-D35E-4B3E-A1B8-0A3967154539}.Release|Any CPU.ActiveCfg = Release|Any CPU
		{D1BC1A8F-D35E-4B3E-A1B8-0A3967154539}.Release|Any CPU.Build.0 = Release|Any CPU
		{190773EB-9121-4C92-903D-867B904498A6}.Debug|Any CPU.ActiveCfg = Debug|Any CPU
		{190773EB-9121-4C92-903D-867B904498A6}.Debug|Any CPU.Build.0 = Debug|Any CPU
		{190773EB-9121-4C92-903D-867B904498A6}.Release|Any CPU.ActiveCfg = Release|Any CPU
		{190773EB-9121-4C92-903D-867B904498A6}.Release|Any CPU.Build.0 = Release|Any CPU
		{D80E59FC-6875-417D-AA79-3BA05D020022}.Debug|Any CPU.ActiveCfg = Debug|Any CPU
		{D80E59FC-6875-417D-AA79-3BA05D020022}.Debug|Any CPU.Build.0 = Debug|Any CPU
		{D80E59FC-6875-417D-AA79-3BA05D020022}.Release|Any CPU.ActiveCfg = Release|Any CPU
		{D80E59FC-6875-417D-AA79-3BA05D020022}.Release|Any CPU.Build.0 = Release|Any CPU
		{B97D38B5-2F26-486E-9E6E-6BE331765633}.Debug|Any CPU.ActiveCfg = Debug|Any CPU
		{B97D38B5-2F26-486E-9E6E-6BE331765633}.Debug|Any CPU.Build.0 = Debug|Any CPU
		{B97D38B5-2F26-486E-9E6E-6BE331765633}.Release|Any CPU.ActiveCfg = Release|Any CPU
		{B97D38B5-2F26-486E-9E6E-6BE331765633}.Release|Any CPU.Build.0 = Release|Any CPU
		{E155A620-1C91-4E5E-8743-70785E536BF1}.Debug|Any CPU.ActiveCfg = Debug|Any CPU
		{E155A620-1C91-4E5E-8743-70785E536BF1}.Debug|Any CPU.Build.0 = Debug|Any CPU
		{E155A620-1C91-4E5E-8743-70785E536BF1}.Release|Any CPU.ActiveCfg = Release|Any CPU
		{E155A620-1C91-4E5E-8743-70785E536BF1}.Release|Any CPU.Build.0 = Release|Any CPU
		{9A065DB0-D5CC-4618-BE1E-1750965EECA6}.Debug|Any CPU.ActiveCfg = Debug|Any CPU
		{9A065DB0-D5CC-4618-BE1E-1750965EECA6}.Debug|Any CPU.Build.0 = Debug|Any CPU
		{9A065DB0-D5CC-4618-BE1E-1750965EECA6}.Release|Any CPU.ActiveCfg = Release|Any CPU
		{9A065DB0-D5CC-4618-BE1E-1750965EECA6}.Release|Any CPU.Build.0 = Release|Any CPU
		{999F79A6-BFE3-461D-938F-4229B97C0DF5}.Debug|Any CPU.ActiveCfg = Debug|Any CPU
		{999F79A6-BFE3-461D-938F-4229B97C0DF5}.Debug|Any CPU.Build.0 = Debug|Any CPU
		{999F79A6-BFE3-461D-938F-4229B97C0DF5}.Release|Any CPU.ActiveCfg = Release|Any CPU
		{999F79A6-BFE3-461D-938F-4229B97C0DF5}.Release|Any CPU.Build.0 = Release|Any CPU
		{1ECD3E97-D8C5-4632-8B04-BEAFA5879152}.Debug|Any CPU.ActiveCfg = Debug|Any CPU
		{1ECD3E97-D8C5-4632-8B04-BEAFA5879152}.Debug|Any CPU.Build.0 = Debug|Any CPU
		{1ECD3E97-D8C5-4632-8B04-BEAFA5879152}.Release|Any CPU.ActiveCfg = Release|Any CPU
		{1ECD3E97-D8C5-4632-8B04-BEAFA5879152}.Release|Any CPU.Build.0 = Release|Any CPU
		{B39662B6-E4B0-4FC8-B5B4-41BAC08AAF89}.Debug|Any CPU.ActiveCfg = Debug|Any CPU
		{B39662B6-E4B0-4FC8-B5B4-41BAC08AAF89}.Debug|Any CPU.Build.0 = Debug|Any CPU
		{B39662B6-E4B0-4FC8-B5B4-41BAC08AAF89}.Release|Any CPU.ActiveCfg = Release|Any CPU
		{B39662B6-E4B0-4FC8-B5B4-41BAC08AAF89}.Release|Any CPU.Build.0 = Release|Any CPU
		{02A6585E-5F43-4610-B19E-9B4A805F1F30}.Debug|Any CPU.ActiveCfg = Debug|Any CPU
		{02A6585E-5F43-4610-B19E-9B4A805F1F30}.Debug|Any CPU.Build.0 = Debug|Any CPU
		{02A6585E-5F43-4610-B19E-9B4A805F1F30}.Release|Any CPU.ActiveCfg = Release|Any CPU
		{02A6585E-5F43-4610-B19E-9B4A805F1F30}.Release|Any CPU.Build.0 = Release|Any CPU
	EndGlobalSection
	GlobalSection(SolutionProperties) = preSolution
		HideSolutionNode = FALSE
	EndGlobalSection
	GlobalSection(NestedProjects) = preSolution
		{7118C77B-2062-492B-B859-0B4A3D934DEB} = {B65E149B-93E9-453E-ACF0-972D1544DC3B}
		{7BE60B81-024F-4CA5-B8F1-40EE3209D08C} = {B65E149B-93E9-453E-ACF0-972D1544DC3B}
		{05E8419A-8E80-4819-A537-5DD9BC7D6851} = {7BE60B81-024F-4CA5-B8F1-40EE3209D08C}
		{3F6F951C-3CFD-4C2D-96EF-959D65C69F5B} = {7BE60B81-024F-4CA5-B8F1-40EE3209D08C}
		{215FC7E7-690A-4246-B1FF-B4160B45C2A9} = {7BE60B81-024F-4CA5-B8F1-40EE3209D08C}
		{CC48557F-54F4-4639-A7C2-763B1CB7F264} = {7BE60B81-024F-4CA5-B8F1-40EE3209D08C}
		{33D3430F-26C1-478D-B5E0-3C410A02FFE8} = {B65E149B-93E9-453E-ACF0-972D1544DC3B}
		{B7A5EE34-CFC4-4497-88CE-6DCF4C8346C1} = {33D3430F-26C1-478D-B5E0-3C410A02FFE8}
		{4E03DDEB-D075-4CEA-9149-214947A772D5} = {33D3430F-26C1-478D-B5E0-3C410A02FFE8}
		{486FF5E9-64DC-41E4-B3E7-3DA43C56F103} = {B65E149B-93E9-453E-ACF0-972D1544DC3B}
		{F764EC94-2227-469D-B02D-D408B94D8468} = {486FF5E9-64DC-41E4-B3E7-3DA43C56F103}
		{0470C2F3-7CDC-42D1-91F1-A91969F6302D} = {486FF5E9-64DC-41E4-B3E7-3DA43C56F103}
		{D1BC1A8F-D35E-4B3E-A1B8-0A3967154539} = {486FF5E9-64DC-41E4-B3E7-3DA43C56F103}
		{190773EB-9121-4C92-903D-867B904498A6} = {486FF5E9-64DC-41E4-B3E7-3DA43C56F103}
		{1531CAF7-DBC8-4C22-987C-44AF23D658A8} = {B65E149B-93E9-453E-ACF0-972D1544DC3B}
		{D80E59FC-6875-417D-AA79-3BA05D020022} = {1531CAF7-DBC8-4C22-987C-44AF23D658A8}
		{B97D38B5-2F26-486E-9E6E-6BE331765633} = {33D3430F-26C1-478D-B5E0-3C410A02FFE8}
		{E155A620-1C91-4E5E-8743-70785E536BF1} = {1531CAF7-DBC8-4C22-987C-44AF23D658A8}
		{9A065DB0-D5CC-4618-BE1E-1750965EECA6} = {1531CAF7-DBC8-4C22-987C-44AF23D658A8}
		{999F79A6-BFE3-461D-938F-4229B97C0DF5} = {1531CAF7-DBC8-4C22-987C-44AF23D658A8}
		{1ECD3E97-D8C5-4632-8B04-BEAFA5879152} = {1531CAF7-DBC8-4C22-987C-44AF23D658A8}
		{B39662B6-E4B0-4FC8-B5B4-41BAC08AAF89} = {FEE09933-1F20-438C-8910-6D166BF25EC6}
		{02A6585E-5F43-4610-B19E-9B4A805F1F30} = {FEE09933-1F20-438C-8910-6D166BF25EC6}
	EndGlobalSection
	GlobalSection(ExtensibilityGlobals) = postSolution
		SolutionGuid = {11C0C676-96BC-457A-9186-C206E247A65D}
	EndGlobalSection
EndGlobal
